// !$*UTF8*$!
{
	archiveVersion = 1;
	classes = {
	};
	objectVersion = 50;
	objects = {

/* Begin PBXBuildFile section */
		336C777A23393C5C00E5C525 /* UnitsAndModes.swift in Sources */ = {isa = PBXBuildFile; fileRef = 336C777923393C5C00E5C525 /* UnitsAndModes.swift */; };
		33B755782332A256001B54CC /* AppDelegate.swift in Sources */ = {isa = PBXBuildFile; fileRef = 33B755772332A256001B54CC /* AppDelegate.swift */; };
		33B7557A2332A256001B54CC /* ViewController.swift in Sources */ = {isa = PBXBuildFile; fileRef = 33B755792332A256001B54CC /* ViewController.swift */; };
		33B7557D2332A256001B54CC /* Main.storyboard in Resources */ = {isa = PBXBuildFile; fileRef = 33B7557B2332A256001B54CC /* Main.storyboard */; };
		33B7557F2332A257001B54CC /* Assets.xcassets in Resources */ = {isa = PBXBuildFile; fileRef = 33B7557E2332A257001B54CC /* Assets.xcassets */; };
		33B755822332A257001B54CC /* LaunchScreen.storyboard in Resources */ = {isa = PBXBuildFile; fileRef = 33B755802332A257001B54CC /* LaunchScreen.storyboard */; };
		33B7558D2332A257001B54CC /* Homework_3Tests.swift in Sources */ = {isa = PBXBuildFile; fileRef = 33B7558C2332A257001B54CC /* Homework_3Tests.swift */; };
		33B755982332A257001B54CC /* Homework_3UITests.swift in Sources */ = {isa = PBXBuildFile; fileRef = 33B755972332A257001B54CC /* Homework_3UITests.swift */; };
/* End PBXBuildFile section */

/* Begin PBXContainerItemProxy section */
		33B755892332A257001B54CC /* PBXContainerItemProxy */ = {
			isa = PBXContainerItemProxy;
			containerPortal = 33B7556C2332A256001B54CC /* Project object */;
			proxyType = 1;
			remoteGlobalIDString = 33B755732332A256001B54CC;
			remoteInfo = "Homework 3";
		};
		33B755942332A257001B54CC /* PBXContainerItemProxy */ = {
			isa = PBXContainerItemProxy;
			containerPortal = 33B7556C2332A256001B54CC /* Project object */;
			proxyType = 1;
			remoteGlobalIDString = 33B755732332A256001B54CC;
			remoteInfo = "Homework 3";
		};
/* End PBXContainerItemProxy section */

/* Begin PBXFileReference section */
		336C777923393C5C00E5C525 /* UnitsAndModes.swift */ = {isa = PBXFileReference; fileEncoding = 4; lastKnownFileType = sourcecode.swift; path = UnitsAndModes.swift; sourceTree = "<group>"; };
		33B755742332A256001B54CC /* Homework 3.app */ = {isa = PBXFileReference; explicitFileType = wrapper.application; includeInIndex = 0; path = "Homework 3.app"; sourceTree = BUILT_PRODUCTS_DIR; };
		33B755772332A256001B54CC /* AppDelegate.swift */ = {isa = PBXFileReference; lastKnownFileType = sourcecode.swift; path = AppDelegate.swift; sourceTree = "<group>"; };
		33B755792332A256001B54CC /* ViewController.swift */ = {isa = PBXFileReference; lastKnownFileType = sourcecode.swift; path = ViewController.swift; sourceTree = "<group>"; };
		33B7557C2332A256001B54CC /* Base */ = {isa = PBXFileReference; lastKnownFileType = file.storyboard; name = Base; path = Base.lproj/Main.storyboard; sourceTree = "<group>"; };
		33B7557E2332A257001B54CC /* Assets.xcassets */ = {isa = PBXFileReference; lastKnownFileType = folder.assetcatalog; path = Assets.xcassets; sourceTree = "<group>"; };
		33B755812332A257001B54CC /* Base */ = {isa = PBXFileReference; lastKnownFileType = file.storyboard; name = Base; path = Base.lproj/LaunchScreen.storyboard; sourceTree = "<group>"; };
		33B755832332A257001B54CC /* Info.plist */ = {isa = PBXFileReference; lastKnownFileType = text.plist.xml; path = Info.plist; sourceTree = "<group>"; };
		33B755882332A257001B54CC /* Homework 3Tests.xctest */ = {isa = PBXFileReference; explicitFileType = wrapper.cfbundle; includeInIndex = 0; path = "Homework 3Tests.xctest"; sourceTree = BUILT_PRODUCTS_DIR; };
		33B7558C2332A257001B54CC /* Homework_3Tests.swift */ = {isa = PBXFileReference; lastKnownFileType = sourcecode.swift; path = Homework_3Tests.swift; sourceTree = "<group>"; };
		33B7558E2332A257001B54CC /* Info.plist */ = {isa = PBXFileReference; lastKnownFileType = text.plist.xml; path = Info.plist; sourceTree = "<group>"; };
		33B755932332A257001B54CC /* Homework 3UITests.xctest */ = {isa = PBXFileReference; explicitFileType = wrapper.cfbundle; includeInIndex = 0; path = "Homework 3UITests.xctest"; sourceTree = BUILT_PRODUCTS_DIR; };
		33B755972332A257001B54CC /* Homework_3UITests.swift */ = {isa = PBXFileReference; lastKnownFileType = sourcecode.swift; path = Homework_3UITests.swift; sourceTree = "<group>"; };
		33B755992332A257001B54CC /* Info.plist */ = {isa = PBXFileReference; lastKnownFileType = text.plist.xml; path = Info.plist; sourceTree = "<group>"; };
/* End PBXFileReference section */

/* Begin PBXFrameworksBuildPhase section */
		33B755712332A256001B54CC /* Frameworks */ = {
			isa = PBXFrameworksBuildPhase;
			buildActionMask = 2147483647;
			files = (
			);
			runOnlyForDeploymentPostprocessing = 0;
		};
		33B755852332A257001B54CC /* Frameworks */ = {
			isa = PBXFrameworksBuildPhase;
			buildActionMask = 2147483647;
			files = (
			);
			runOnlyForDeploymentPostprocessing = 0;
		};
		33B755902332A257001B54CC /* Frameworks */ = {
			isa = PBXFrameworksBuildPhase;
			buildActionMask = 2147483647;
			files = (
			);
			runOnlyForDeploymentPostprocessing = 0;
		};
/* End PBXFrameworksBuildPhase section */

/* Begin PBXGroup section */
		33B7556B2332A256001B54CC = {
			isa = PBXGroup;
			children = (
				33B755762332A256001B54CC /* Homework 3 */,
				33B7558B2332A257001B54CC /* Homework 3Tests */,
				33B755962332A257001B54CC /* Homework 3UITests */,
				33B755752332A256001B54CC /* Products */,
			);
			sourceTree = "<group>";
		};
		33B755752332A256001B54CC /* Products */ = {
			isa = PBXGroup;
			children = (
				33B755742332A256001B54CC /* Homework 3.app */,
				33B755882332A257001B54CC /* Homework 3Tests.xctest */,
				33B755932332A257001B54CC /* Homework 3UITests.xctest */,
			);
			name = Products;
			sourceTree = "<group>";
		};
		33B755762332A256001B54CC /* Homework 3 */ = {
			isa = PBXGroup;
			children = (
				336C777923393C5C00E5C525 /* UnitsAndModes.swift */,
				33B755772332A256001B54CC /* AppDelegate.swift */,
				33B755792332A256001B54CC /* ViewController.swift */,
				33B7557B2332A256001B54CC /* Main.storyboard */,
				33B7557E2332A257001B54CC /* Assets.xcassets */,
				33B755802332A257001B54CC /* LaunchScreen.storyboard */,
				33B755832332A257001B54CC /* Info.plist */,
			);
			path = "Homework 3";
			sourceTree = "<group>";
		};
		33B7558B2332A257001B54CC /* Homework 3Tests */ = {
			isa = PBXGroup;
			children = (
				33B7558C2332A257001B54CC /* Homework_3Tests.swift */,
				33B7558E2332A257001B54CC /* Info.plist */,
			);
			path = "Homework 3Tests";
			sourceTree = "<group>";
		};
		33B755962332A257001B54CC /* Homework 3UITests */ = {
			isa = PBXGroup;
			children = (
				33B755972332A257001B54CC /* Homework_3UITests.swift */,
				33B755992332A257001B54CC /* Info.plist */,
			);
			path = "Homework 3UITests";
			sourceTree = "<group>";
		};
/* End PBXGroup section */

/* Begin PBXNativeTarget section */
		33B755732332A256001B54CC /* Homework 3 */ = {
			isa = PBXNativeTarget;
			buildConfigurationList = 33B7559C2332A257001B54CC /* Build configuration list for PBXNativeTarget "Homework 3" */;
			buildPhases = (
				33B755702332A256001B54CC /* Sources */,
				33B755712332A256001B54CC /* Frameworks */,
				33B755722332A256001B54CC /* Resources */,
			);
			buildRules = (
			);
			dependencies = (
			);
			name = "Homework 3";
			productName = "Homework 3";
			productReference = 33B755742332A256001B54CC /* Homework 3.app */;
			productType = "com.apple.product-type.application";
		};
		33B755872332A257001B54CC /* Homework 3Tests */ = {
			isa = PBXNativeTarget;
			buildConfigurationList = 33B7559F2332A257001B54CC /* Build configuration list for PBXNativeTarget "Homework 3Tests" */;
			buildPhases = (
				33B755842332A257001B54CC /* Sources */,
				33B755852332A257001B54CC /* Frameworks */,
				33B755862332A257001B54CC /* Resources */,
			);
			buildRules = (
			);
			dependencies = (
				33B7558A2332A257001B54CC /* PBXTargetDependency */,
			);
			name = "Homework 3Tests";
			productName = "Homework 3Tests";
			productReference = 33B755882332A257001B54CC /* Homework 3Tests.xctest */;
			productType = "com.apple.product-type.bundle.unit-test";
		};
		33B755922332A257001B54CC /* Homework 3UITests */ = {
			isa = PBXNativeTarget;
			buildConfigurationList = 33B755A22332A257001B54CC /* Build configuration list for PBXNativeTarget "Homework 3UITests" */;
			buildPhases = (
				33B7558F2332A257001B54CC /* Sources */,
				33B755902332A257001B54CC /* Frameworks */,
				33B755912332A257001B54CC /* Resources */,
			);
			buildRules = (
			);
			dependencies = (
				33B755952332A257001B54CC /* PBXTargetDependency */,
			);
			name = "Homework 3UITests";
			productName = "Homework 3UITests";
			productReference = 33B755932332A257001B54CC /* Homework 3UITests.xctest */;
			productType = "com.apple.product-type.bundle.ui-testing";
		};
/* End PBXNativeTarget section */

/* Begin PBXProject section */
		33B7556C2332A256001B54CC /* Project object */ = {
			isa = PBXProject;
			attributes = {
				LastSwiftUpdateCheck = 1030;
				LastUpgradeCheck = 1030;
				ORGANIZATIONNAME = "Xcode User";
				TargetAttributes = {
					33B755732332A256001B54CC = {
						CreatedOnToolsVersion = 10.3;
					};
					33B755872332A257001B54CC = {
						CreatedOnToolsVersion = 10.3;
						TestTargetID = 33B755732332A256001B54CC;
					};
					33B755922332A257001B54CC = {
						CreatedOnToolsVersion = 10.3;
						TestTargetID = 33B755732332A256001B54CC;
					};
				};
			};
			buildConfigurationList = 33B7556F2332A256001B54CC /* Build configuration list for PBXProject "Homework 3" */;
			compatibilityVersion = "Xcode 9.3";
			developmentRegion = en;
			hasScannedForEncodings = 0;
			knownRegions = (
				en,
				Base,
			);
			mainGroup = 33B7556B2332A256001B54CC;
			productRefGroup = 33B755752332A256001B54CC /* Products */;
			projectDirPath = "";
			projectRoot = "";
			targets = (
				33B755732332A256001B54CC /* Homework 3 */,
				33B755872332A257001B54CC /* Homework 3Tests */,
				33B755922332A257001B54CC /* Homework 3UITests */,
			);
		};
/* End PBXProject section */

/* Begin PBXResourcesBuildPhase section */
		33B755722332A256001B54CC /* Resources */ = {
			isa = PBXResourcesBuildPhase;
			buildActionMask = 2147483647;
			files = (
				33B755822332A257001B54CC /* LaunchScreen.storyboard in Resources */,
				33B7557F2332A257001B54CC /* Assets.xcassets in Resources */,
				33B7557D2332A256001B54CC /* Main.storyboard in Resources */,
			);
			runOnlyForDeploymentPostprocessing = 0;
		};
		33B755862332A257001B54CC /* Resources */ = {
			isa = PBXResourcesBuildPhase;
			buildActionMask = 2147483647;
			files = (
			);
			runOnlyForDeploymentPostprocessing = 0;
		};
		33B755912332A257001B54CC /* Resources */ = {
			isa = PBXResourcesBuildPhase;
			buildActionMask = 2147483647;
			files = (
			);
			runOnlyForDeploymentPostprocessing = 0;
		};
/* End PBXResourcesBuildPhase section */

/* Begin PBXSourcesBuildPhase section */
		33B755702332A256001B54CC /* Sources */ = {
			isa = PBXSourcesBuildPhase;
			buildActionMask = 2147483647;
			files = (
				336C777A23393C5C00E5C525 /* UnitsAndModes.swift in Sources */,
				33B7557A2332A256001B54CC /* ViewController.swift in Sources */,
				33B755782332A256001B54CC /* AppDelegate.swift in Sources */,
			);
			runOnlyForDeploymentPostprocessing = 0;
		};
		33B755842332A257001B54CC /* Sources */ = {
			isa = PBXSourcesBuildPhase;
			buildActionMask = 2147483647;
			files = (
				33B7558D2332A257001B54CC /* Homework_3Tests.swift in Sources */,
			);
			runOnlyForDeploymentPostprocessing = 0;
		};
		33B7558F2332A257001B54CC /* Sources */ = {
			isa = PBXSourcesBuildPhase;
			buildActionMask = 2147483647;
			files = (
				33B755982332A257001B54CC /* Homework_3UITests.swift in Sources */,
			);
			runOnlyForDeploymentPostprocessing = 0;
		};
/* End PBXSourcesBuildPhase section */

/* Begin PBXTargetDependency section */
		33B7558A2332A257001B54CC /* PBXTargetDependency */ = {
			isa = PBXTargetDependency;
			target = 33B755732332A256001B54CC /* Homework 3 */;
			targetProxy = 33B755892332A257001B54CC /* PBXContainerItemProxy */;
		};
		33B755952332A257001B54CC /* PBXTargetDependency */ = {
			isa = PBXTargetDependency;
			target = 33B755732332A256001B54CC /* Homework 3 */;
			targetProxy = 33B755942332A257001B54CC /* PBXContainerItemProxy */;
		};
/* End PBXTargetDependency section */

/* Begin PBXVariantGroup section */
		33B7557B2332A256001B54CC /* Main.storyboard */ = {
			isa = PBXVariantGroup;
			children = (
				33B7557C2332A256001B54CC /* Base */,
			);
			name = Main.storyboard;
			sourceTree = "<group>";
		};
		33B755802332A257001B54CC /* LaunchScreen.storyboard */ = {
			isa = PBXVariantGroup;
			children = (
				33B755812332A257001B54CC /* Base */,
			);
			name = LaunchScreen.storyboard;
			sourceTree = "<group>";
		};
/* End PBXVariantGroup section */

/* Begin XCBuildConfiguration section */
		33B7559A2332A257001B54CC /* Debug */ = {
			isa = XCBuildConfiguration;
			buildSettings = {
				ALWAYS_SEARCH_USER_PATHS = NO;
				CLANG_ANALYZER_NONNULL = YES;
				CLANG_ANALYZER_NUMBER_OBJECT_CONVERSION = YES_AGGRESSIVE;
				CLANG_CXX_LANGUAGE_STANDARD = "gnu++14";
				CLANG_CXX_LIBRARY = "libc++";
				CLANG_ENABLE_MODULES = YES;
				CLANG_ENABLE_OBJC_ARC = YES;
				CLANG_ENABLE_OBJC_WEAK = YES;
				CLANG_WARN_BLOCK_CAPTURE_AUTORELEASING = YES;
				CLANG_WARN_BOOL_CONVERSION = YES;
				CLANG_WARN_COMMA = YES;
				CLANG_WARN_CONSTANT_CONVERSION = YES;
				CLANG_WARN_DEPRECATED_OBJC_IMPLEMENTATIONS = YES;
				CLANG_WARN_DIRECT_OBJC_ISA_USAGE = YES_ERROR;
				CLANG_WARN_DOCUMENTATION_COMMENTS = YES;
				CLANG_WARN_EMPTY_BODY = YES;
				CLANG_WARN_ENUM_CONVERSION = YES;
				CLANG_WARN_INFINITE_RECURSION = YES;
				CLANG_WARN_INT_CONVERSION = YES;
				CLANG_WARN_NON_LITERAL_NULL_CONVERSION = YES;
				CLANG_WARN_OBJC_IMPLICIT_RETAIN_SELF = YES;
				CLANG_WARN_OBJC_LITERAL_CONVERSION = YES;
				CLANG_WARN_OBJC_ROOT_CLASS = YES_ERROR;
				CLANG_WARN_RANGE_LOOP_ANALYSIS = YES;
				CLANG_WARN_STRICT_PROTOTYPES = YES;
				CLANG_WARN_SUSPICIOUS_MOVE = YES;
				CLANG_WARN_UNGUARDED_AVAILABILITY = YES_AGGRESSIVE;
				CLANG_WARN_UNREACHABLE_CODE = YES;
				CLANG_WARN__DUPLICATE_METHOD_MATCH = YES;
				CODE_SIGN_IDENTITY = "iPhone Developer";
				COPY_PHASE_STRIP = NO;
				DEBUG_INFORMATION_FORMAT = dwarf;
				ENABLE_STRICT_OBJC_MSGSEND = YES;
				ENABLE_TESTABILITY = YES;
				GCC_C_LANGUAGE_STANDARD = gnu11;
				GCC_DYNAMIC_NO_PIC = NO;
				GCC_NO_COMMON_BLOCKS = YES;
				GCC_OPTIMIZATION_LEVEL = 0;
				GCC_PREPROCESSOR_DEFINITIONS = (
					"DEBUG=1",
					"$(inherited)",
				);
				GCC_WARN_64_TO_32_BIT_CONVERSION = YES;
				GCC_WARN_ABOUT_RETURN_TYPE = YES_ERROR;
				GCC_WARN_UNDECLARED_SELECTOR = YES;
				GCC_WARN_UNINITIALIZED_AUTOS = YES_AGGRESSIVE;
				GCC_WARN_UNUSED_FUNCTION = YES;
				GCC_WARN_UNUSED_VARIABLE = YES;
				IPHONEOS_DEPLOYMENT_TARGET = 12.4;
				MTL_ENABLE_DEBUG_INFO = INCLUDE_SOURCE;
				MTL_FAST_MATH = YES;
				ONLY_ACTIVE_ARCH = YES;
				SDKROOT = iphoneos;
				SWIFT_ACTIVE_COMPILATION_CONDITIONS = DEBUG;
				SWIFT_OPTIMIZATION_LEVEL = "-Onone";
			};
			name = Debug;
		};
		33B7559B2332A257001B54CC /* Release */ = {
			isa = XCBuildConfiguration;
			buildSettings = {
				ALWAYS_SEARCH_USER_PATHS = NO;
				CLANG_ANALYZER_NONNULL = YES;
				CLANG_ANALYZER_NUMBER_OBJECT_CONVERSION = YES_AGGRESSIVE;
				CLANG_CXX_LANGUAGE_STANDARD = "gnu++14";
				CLANG_CXX_LIBRARY = "libc++";
				CLANG_ENABLE_MODULES = YES;
				CLANG_ENABLE_OBJC_ARC = YES;
				CLANG_ENABLE_OBJC_WEAK = YES;
				CLANG_WARN_BLOCK_CAPTURE_AUTORELEASING = YES;
				CLANG_WARN_BOOL_CONVERSION = YES;
				CLANG_WARN_COMMA = YES;
				CLANG_WARN_CONSTANT_CONVERSION = YES;
				CLANG_WARN_DEPRECATED_OBJC_IMPLEMENTATIONS = YES;
				CLANG_WARN_DIRECT_OBJC_ISA_USAGE = YES_ERROR;
				CLANG_WARN_DOCUMENTATION_COMMENTS = YES;
				CLANG_WARN_EMPTY_BODY = YES;
				CLANG_WARN_ENUM_CONVERSION = YES;
				CLANG_WARN_INFINITE_RECURSION = YES;
				CLANG_WARN_INT_CONVERSION = YES;
				CLANG_WARN_NON_LITERAL_NULL_CONVERSION = YES;
				CLANG_WARN_OBJC_IMPLICIT_RETAIN_SELF = YES;
				CLANG_WARN_OBJC_LITERAL_CONVERSION = YES;
				CLANG_WARN_OBJC_ROOT_CLASS = YES_ERROR;
				CLANG_WARN_RANGE_LOOP_ANALYSIS = YES;
				CLANG_WARN_STRICT_PROTOTYPES = YES;
				CLANG_WARN_SUSPICIOUS_MOVE = YES;
				CLANG_WARN_UNGUARDED_AVAILABILITY = YES_AGGRESSIVE;
				CLANG_WARN_UNREACHABLE_CODE = YES;
				CLANG_WARN__DUPLICATE_METHOD_MATCH = YES;
				CODE_SIGN_IDENTITY = "iPhone Developer";
				COPY_PHASE_STRIP = NO;
				DEBUG_INFORMATION_FORMAT = "dwarf-with-dsym";
				ENABLE_NS_ASSERTIONS = NO;
				ENABLE_STRICT_OBJC_MSGSEND = YES;
				GCC_C_LANGUAGE_STANDARD = gnu11;
				GCC_NO_COMMON_BLOCKS = YES;
				GCC_WARN_64_TO_32_BIT_CONVERSION = YES;
				GCC_WARN_ABOUT_RETURN_TYPE = YES_ERROR;
				GCC_WARN_UNDECLARED_SELECTOR = YES;
				GCC_WARN_UNINITIALIZED_AUTOS = YES_AGGRESSIVE;
				GCC_WARN_UNUSED_FUNCTION = YES;
				GCC_WARN_UNUSED_VARIABLE = YES;
				IPHONEOS_DEPLOYMENT_TARGET = 12.4;
				MTL_ENABLE_DEBUG_INFO = NO;
				MTL_FAST_MATH = YES;
				SDKROOT = iphoneos;
				SWIFT_COMPILATION_MODE = wholemodule;
				SWIFT_OPTIMIZATION_LEVEL = "-O";
				VALIDATE_PRODUCT = YES;
			};
			name = Release;
		};
		33B7559D2332A257001B54CC /* Debug */ = {
			isa = XCBuildConfiguration;
			buildSettings = {
				ASSETCATALOG_COMPILER_APPICON_NAME = AppIcon;
				CODE_SIGN_STYLE = Automatic;
				INFOPLIST_FILE = "Homework 3/Info.plist";
				LD_RUNPATH_SEARCH_PATHS = (
					"$(inherited)",
					"@executable_path/Frameworks",
				);
				PRODUCT_BUNDLE_IDENTIFIER = "meaghergustafsn.Homework-3";
				PRODUCT_NAME = "$(TARGET_NAME)";
				SWIFT_VERSION = 5.0;
				TARGETED_DEVICE_FAMILY = "1,2";
			};
			name = Debug;
		};
		33B7559E2332A257001B54CC /* Release */ = {
			isa = XCBuildConfiguration;
			buildSettings = {
				ASSETCATALOG_COMPILER_APPICON_NAME = AppIcon;
				CODE_SIGN_STYLE = Automatic;
				INFOPLIST_FILE = "Homework 3/Info.plist";
				LD_RUNPATH_SEARCH_PATHS = (
					"$(inherited)",
					"@executable_path/Frameworks",
				);
				PRODUCT_BUNDLE_IDENTIFIER = "meaghergustafsn.Homework-3";
				PRODUCT_NAME = "$(TARGET_NAME)";
				SWIFT_VERSION = 5.0;
				TARGETED_DEVICE_FAMILY = "1,2";
			};
			name = Release;
		};
		33B755A02332A257001B54CC /* Debug */ = {
			isa = XCBuildConfiguration;
			buildSettings = {
				ALWAYS_EMBED_SWIFT_STANDARD_LIBRARIES = YES;
				BUNDLE_LOADER = "$(TEST_HOST)";
				CODE_SIGN_STYLE = Automatic;
				INFOPLIST_FILE = "Homework 3Tests/Info.plist";
				LD_RUNPATH_SEARCH_PATHS = (
					"$(inherited)",
					"@executable_path/Frameworks",
					"@loader_path/Frameworks",
				);
				PRODUCT_BUNDLE_IDENTIFIER = "meaghergustafsn.Homework-3Tests";
				PRODUCT_NAME = "$(TARGET_NAME)";
				SWIFT_VERSION = 5.0;
				TARGETED_DEVICE_FAMILY = "1,2";
				TEST_HOST = "$(BUILT_PRODUCTS_DIR)/Homework 3.app/Homework 3";
			};
			name = Debug;
		};
		33B755A12332A257001B54CC /* Release */ = {
			isa = XCBuildConfiguration;
			buildSettings = {
				ALWAYS_EMBED_SWIFT_STANDARD_LIBRARIES = YES;
				BUNDLE_LOADER = "$(TEST_HOST)";
				CODE_SIGN_STYLE = Automatic;
				INFOPLIST_FILE = "Homework 3Tests/Info.plist";
				LD_RUNPATH_SEARCH_PATHS = (
					"$(inherited)",
					"@executable_path/Frameworks",
					"@loader_path/Frameworks",
				);
				PRODUCT_BUNDLE_IDENTIFIER = "meaghergustafsn.Homework-3Tests";
				PRODUCT_NAME = "$(TARGET_NAME)";
				SWIFT_VERSION = 5.0;
				TARGETED_DEVICE_FAMILY = "1,2";
				TEST_HOST = "$(BUILT_PRODUCTS_DIR)/Homework 3.app/Homework 3";
			};
			name = Release;
		};
		33B755A32332A257001B54CC /* Debug */ = {
			isa = XCBuildConfiguration;
			buildSettings = {
				ALWAYS_EMBED_SWIFT_STANDARD_LIBRARIES = YES;
				CODE_SIGN_STYLE = Automatic;
				INFOPLIST_FILE = "Homework 3UITests/Info.plist";
				LD_RUNPATH_SEARCH_PATHS = (
					"$(inherited)",
					"@executable_path/Frameworks",
					"@loader_path/Frameworks",
				);
				PRODUCT_BUNDLE_IDENTIFIER = "meaghergustafsn.Homework-3UITests";
				PRODUCT_NAME = "$(TARGET_NAME)";
				SWIFT_VERSION = 5.0;
				TARGETED_DEVICE_FAMILY = "1,2";
				TEST_TARGET_NAME = "Homework 3";
			};
			name = Debug;
		};
		33B755A42332A257001B54CC /* Release */ = {
			isa = XCBuildConfiguration;
			buildSettings = {
				ALWAYS_EMBED_SWIFT_STANDARD_LIBRARIES = YES;
				CODE_SIGN_STYLE = Automatic;
				INFOPLIST_FILE = "Homework 3UITests/Info.plist";
				LD_RUNPATH_SEARCH_PATHS = (
					"$(inherited)",
					"@executable_path/Frameworks",
					"@loader_path/Frameworks",
				);
				PRODUCT_BUNDLE_IDENTIFIER = "meaghergustafsn.Homework-3UITests";
				PRODUCT_NAME = "$(TARGET_NAME)";
				SWIFT_VERSION = 5.0;
				TARGETED_DEVICE_FAMILY = "1,2";
				TEST_TARGET_NAME = "Homework 3";
			};
			name = Release;
		};
/* End XCBuildConfiguration section */

/* Begin XCConfigurationList section */
		33B7556F2332A256001B54CC /* Build configuration list for PBXProject "Homework 3" */ = {
			isa = XCConfigurationList;
			buildConfigurations = (
				33B7559A2332A257001B54CC /* Debug */,
				33B7559B2332A257001B54CC /* Release */,
			);
			defaultConfigurationIsVisible = 0;
			defaultConfigurationName = Release;
		};
		33B7559C2332A257001B54CC /* Build configuration list for PBXNativeTarget "Homework 3" */ = {
			isa = XCConfigurationList;
			buildConfigurations = (
				33B7559D2332A257001B54CC /* Debug */,
				33B7559E2332A257001B54CC /* Release */,
			);
			defaultConfigurationIsVisible = 0;
			defaultConfigurationName = Release;
		};
		33B7559F2332A257001B54CC /* Build configuration list for PBXNativeTarget "Homework 3Tests" */ = {
			isa = XCConfigurationList;
			buildConfigurations = (
				33B755A02332A257001B54CC /* Debug */,
				33B755A12332A257001B54CC /* Release */,
			);
			defaultConfigurationIsVisible = 0;
			defaultConfigurationName = Release;
		};
		33B755A22332A257001B54CC /* Build configuration list for PBXNativeTarget "Homework 3UITests" */ = {
			isa = XCConfigurationList;
			buildConfigurations = (
				33B755A32332A257001B54CC /* Debug */,
				33B755A42332A257001B54CC /* Release */,
			);
			defaultConfigurationIsVisible = 0;
			defaultConfigurationName = Release;
		};
/* End XCConfigurationList section */
	};
	rootObject = 33B7556C2332A256001B54CC /* Project object */;
}
